
Microsoft Visual Studio Solution File, Format Version 12.00
# Visual Studio Version 16
VisualStudioVersion = 16.0.30523.141
MinimumVisualStudioVersion = 10.0.40219.1
Project("{FAE04EC0-301F-11D3-BF4B-00C04F79EFBC}") = "WebApplication", "WebApplication.csproj", "{A1729E1C-72DE-45D5-9BF8-B7EBE7F71F65}"
EndProject
Project("{FAE04EC0-301F-11D3-BF4B-00C04F79EFBC}") = "WebApplicationTest", "..\WebApplicationTest\WebApplicationTest.csproj", "{63792DEA-9779-4542-9192-C2FC27EC52B5}"
EndProject
Global
	GlobalSection(SolutionConfigurationPlatforms) = preSolution
		Debug|Any CPU = Debug|Any CPU
		Release|Any CPU = Release|Any CPU
	EndGlobalSection
	GlobalSection(ProjectConfigurationPlatforms) = postSolution
		{A1729E1C-72DE-45D5-9BF8-B7EBE7F71F65}.Debug|Any CPU.ActiveCfg = Debug|Any CPU
		{A1729E1C-72DE-45D5-9BF8-B7EBE7F71F65}.Debug|Any CPU.Build.0 = Debug|Any CPU
		{A1729E1C-72DE-45D5-9BF8-B7EBE7F71F65}.Release|Any CPU.ActiveCfg = Release|Any CPU
		{A1729E1C-72DE-45D5-9BF8-B7EBE7F71F65}.Release|Any CPU.Build.0 = Release|Any CPU
		{63792DEA-9779-4542-9192-C2FC27EC52B5}.Debug|Any CPU.ActiveCfg = Debug|Any CPU
		{63792DEA-9779-4542-9192-C2FC27EC52B5}.Debug|Any CPU.Build.0 = Debug|Any CPU
		{63792DEA-9779-4542-9192-C2FC27EC52B5}.Release|Any CPU.ActiveCfg = Release|Any CPU
		{63792DEA-9779-4542-9192-C2FC27EC52B5}.Release|Any CPU.Build.0 = Release|Any CPU
	EndGlobalSection
	GlobalSection(SolutionProperties) = preSolution
		HideSolutionNode = FALSE
	EndGlobalSection
	GlobalSection(ExtensibilityGlobals) = postSolution
		SolutionGuid = {F613326D-44AB-453B-BAC4-201FD33523AC}
	EndGlobalSection
EndGlobal
